{
    "_meta": {
        "hash": {
            "sha256": "efc9f93b222040536db643191dba954d36a6c4921dee476d6cc06069a25214b9"
        },
        "pipfile-spec": 6,
        "requires": {
            "python_version": "3.9"
        },
        "sources": [
            {
                "name": "pypi",
                "url": "https://pypi.org/simple",
                "verify_ssl": true
            }
        ]
    },
    "default": {
        "certifi": {
            "hashes": [
                "sha256:e564105f78ded564e3ae7c923924435e1daa7463faeab5bb932bc53ffae63407",
                "sha256:f6c12493cfb1b06ba2ff328595af9350c65d6644968e5d3a2ffd78699af217a5"
            ],
            "markers": "python_version >= '3.7'",
            "version": "==2025.8.3"
        },
        "cffi": {
            "hashes": [
                "sha256:00bdf7acc5f795150faa6957054fbbca2439db2f775ce831222b66f192f03beb",
                "sha256:07b271772c100085dd28b74fa0cd81c8fb1a3ba18b21e03d7c27f3436a10606b",
                "sha256:087067fa8953339c723661eda6b54bc98c5625757ea62e95eb4898ad5e776e9f",
                "sha256:0a1527a803f0a659de1af2e1fd700213caba79377e27e4693648c2923da066f9",
                "sha256:0cf2d91ecc3fcc0625c2c530fe004f82c110405f101548512cce44322fa8ac44",
                "sha256:0f6084a0ea23d05d20c3edcda20c3d006f9b6f3fefeac38f59262e10cef47ee2",
                "sha256:12873ca6cb9b0f0d3a0da705d6086fe911591737a59f28b7936bdfed27c0d47c",
                "sha256:19f705ada2530c1167abacb171925dd886168931e0a7b78f5bffcae5c6b5be75",
                "sha256:1cd13c99ce269b3ed80b417dcd591415d3372bcac067009b6e0f59c7d4015e65",
                "sha256:1e3a615586f05fc4065a8b22b8152f0c1b00cdbc60596d187c2a74f9e3036e4e",
                "sha256:1f72fb8906754ac8a2cc3f9f5aaa298070652a0ffae577e0ea9bd480dc3c931a",
                "sha256:1fc9ea04857caf665289b7a75923f2c6ed559b8298a1b8c49e59f7dd95c8481e",
                "sha256:203a48d1fb583fc7d78a4c6655692963b860a417c0528492a6bc21f1aaefab25",
                "sha256:2081580ebb843f759b9f617314a24ed5738c51d2aee65d31e02f6f7a2b97707a",
                "sha256:21d1152871b019407d8ac3985f6775c079416c282e431a4da6afe7aefd2bccbe",
                "sha256:24b6f81f1983e6df8db3adc38562c83f7d4a0c36162885ec7f7b77c7dcbec97b",
                "sha256:256f80b80ca3853f90c21b23ee78cd008713787b1b1e93eae9f3d6a7134abd91",
                "sha256:28a3a209b96630bca57cce802da70c266eb08c6e97e5afd61a75611ee6c64592",
                "sha256:2c8f814d84194c9ea681642fd164267891702542f028a15fc97d4674b6206187",
                "sha256:2de9a304e27f7596cd03d16f1b7c72219bd944e99cc52b84d0145aefb07cbd3c",
                "sha256:38100abb9d1b1435bc4cc340bb4489635dc2f0da7456590877030c9b3d40b0c1",
                "sha256:3925dd22fa2b7699ed2617149842d2e6adde22b262fcbfada50e3d195e4b3a94",
                "sha256:3e17ed538242334bf70832644a32a7aae3d83b57567f9fd60a26257e992b79ba",
                "sha256:3e837e369566884707ddaf85fc1744b47575005c0a229de3327f8f9a20f4efeb",
                "sha256:3f4d46d8b35698056ec29bca21546e1551a205058ae1a181d871e278b0b28165",
                "sha256:44d1b5909021139fe36001ae048dbdde8214afa20200eda0f64c068cac5d5529",
                "sha256:45d5e886156860dc35862657e1494b9bae8dfa63bf56796f2fb56e1679fc0bca",
                "sha256:4647afc2f90d1ddd33441e5b0e85b16b12ddec4fca55f0d9671fef036ecca27c",
                "sha256:4671d9dd5ec934cb9a73e7ee9676f9362aba54f7f34910956b84d727b0d73fb6",
                "sha256:53f77cbe57044e88bbd5ed26ac1d0514d2acf0591dd6bb02a3ae37f76811b80c",
                "sha256:5eda85d6d1879e692d546a078b44251cdd08dd1cfb98dfb77b670c97cee49ea0",
                "sha256:5fed36fccc0612a53f1d4d9a816b50a36702c28a2aa880cb8a122b3466638743",
                "sha256:61d028e90346df14fedc3d1e5441df818d095f3b87d286825dfcbd6459b7ef63",
                "sha256:66f011380d0e49ed280c789fbd08ff0d40968ee7b665575489afa95c98196ab5",
                "sha256:6824f87845e3396029f3820c206e459ccc91760e8fa24422f8b0c3d1731cbec5",
                "sha256:6c6c373cfc5c83a975506110d17457138c8c63016b563cc9ed6e056a82f13ce4",
                "sha256:6d02d6655b0e54f54c4ef0b94eb6be0607b70853c45ce98bd278dc7de718be5d",
                "sha256:6d50360be4546678fc1b79ffe7a66265e28667840010348dd69a314145807a1b",
                "sha256:730cacb21e1bdff3ce90babf007d0a0917cc3e6492f336c2f0134101e0944f93",
                "sha256:737fe7d37e1a1bffe70bd5754ea763a62a066dc5913ca57e957824b72a85e205",
                "sha256:74a03b9698e198d47562765773b4a8309919089150a0bb17d829ad7b44b60d27",
                "sha256:7553fb2090d71822f02c629afe6042c299edf91ba1bf94951165613553984512",
                "sha256:7a66c7204d8869299919db4d5069a82f1561581af12b11b3c9f48c584eb8743d",
                "sha256:7cc09976e8b56f8cebd752f7113ad07752461f48a58cbba644139015ac24954c",
                "sha256:81afed14892743bbe14dacb9e36d9e0e504cd204e0b165062c488942b9718037",
                "sha256:8941aaadaf67246224cee8c3803777eed332a19d909b47e29c9842ef1e79ac26",
                "sha256:89472c9762729b5ae1ad974b777416bfda4ac5642423fa93bd57a09204712322",
                "sha256:8ea985900c5c95ce9db1745f7933eeef5d314f0565b27625d9a10ec9881e1bfb",
                "sha256:8eca2a813c1cb7ad4fb74d368c2ffbbb4789d377ee5bb8df98373c2cc0dee76c",
                "sha256:92b68146a71df78564e4ef48af17551a5ddd142e5190cdf2c5624d0c3ff5b2e8",
                "sha256:9332088d75dc3241c702d852d4671613136d90fa6881da7d770a483fd05248b4",
                "sha256:94698a9c5f91f9d138526b48fe26a199609544591f859c870d477351dc7b2414",
                "sha256:9a67fc9e8eb39039280526379fb3a70023d77caec1852002b4da7e8b270c4dd9",
                "sha256:9de40a7b0323d889cf8d23d1ef214f565ab154443c42737dfe52ff82cf857664",
                "sha256:a05d0c237b3349096d3981b727493e22147f934b20f6f125a3eba8f994bec4a9",
                "sha256:afb8db5439b81cf9c9d0c80404b60c3cc9c3add93e114dcae767f1477cb53775",
                "sha256:b18a3ed7d5b3bd8d9ef7a8cb226502c6bf8308df1525e1cc676c3680e7176739",
                "sha256:b1e74d11748e7e98e2f426ab176d4ed720a64412b6a15054378afdb71e0f37dc",
                "sha256:b21e08af67b8a103c71a250401c78d5e0893beff75e28c53c98f4de42f774062",
                "sha256:b4c854ef3adc177950a8dfc81a86f5115d2abd545751a304c5bcf2c2c7283cfe",
                "sha256:b882b3df248017dba09d6b16defe9b5c407fe32fc7c65a9c69798e6175601be9",
                "sha256:baf5215e0ab74c16e2dd324e8ec067ef59e41125d3eade2b863d294fd5035c92",
                "sha256:c649e3a33450ec82378822b3dad03cc228b8f5963c0c12fc3b1e0ab940f768a5",
                "sha256:c654de545946e0db659b3400168c9ad31b5d29593291482c43e3564effbcee13",
                "sha256:c6638687455baf640e37344fe26d37c404db8b80d037c3d29f58fe8d1c3b194d",
                "sha256:c8d3b5532fc71b7a77c09192b4a5a200ea992702734a2e9279a37f2478236f26",
                "sha256:cb527a79772e5ef98fb1d700678fe031e353e765d1ca2d409c92263c6d43e09f",
                "sha256:cf364028c016c03078a23b503f02058f1814320a56ad535686f90565636a9495",
                "sha256:d48a880098c96020b02d5a1f7d9251308510ce8858940e6fa99ece33f610838b",
                "sha256:d68b6cef7827e8641e8ef16f4494edda8b36104d79773a334beaa1e3521430f6",
                "sha256:d9b29c1f0ae438d5ee9acb31cadee00a58c46cc9c0b2f9038c6b0b3470877a8c",
                "sha256:d9b97165e8aed9272a6bb17c01e3cc5871a594a446ebedc996e2397a1c1ea8ef",
                "sha256:da68248800ad6320861f129cd9c1bf96ca849a2771a59e0344e88681905916f5",
                "sha256:da902562c3e9c550df360bfa53c035b2f241fed6d9aef119048073680ace4a18",
                "sha256:dbd5c7a25a7cb98f5ca55d258b103a2054f859a46ae11aaf23134f9cc0d356ad",
                "sha256:dd4f05f54a52fb558f1ba9f528228066954fee3ebe629fc1660d874d040ae5a3",
                "sha256:de8dad4425a6ca6e4e5e297b27b5c824ecc7581910bf9aee86cb6835e6812aa7",
                "sha256:e11e82b744887154b182fd3e7e8512418446501191994dbf9c9fc1f32cc8efd5",
                "sha256:e6e73b9e02893c764e7e8d5bb5ce277f1a009cd5243f8228f75f842bf937c534",
                "sha256:f73b96c41e3b2adedc34a7356e64c8eb96e03a3782b535e043a986276ce12a49",
                "sha256:f93fd8e5c8c0a4aa1f424d6173f14a892044054871c771f8566e4008eaa359d2",
                "sha256:fc33c5141b55ed366cfaad382df24fe7dcbc686de5be719b207bb248e3053dc5",
                "sha256:fc7de24befaeae77ba923797c7c87834c73648a05a4bde34b3b7e5588973a453",
                "sha256:fe562eb1a64e67dd297ccc4f5addea2501664954f2692b69a76449ec7913ecbf"
            ],
            "markers": "python_version >= '3.9'",
            "version": "==2.0.0"
        },
        "charset-normalizer": {
            "hashes": [
                "sha256:00237675befef519d9af72169d8604a067d92755e84fe76492fef5441db05b91",
                "sha256:02425242e96bcf29a49711b0ca9f37e451da7c70562bc10e8ed992a5a7a25cc0",
                "sha256:027b776c26d38b7f15b26a5da1044f376455fb3766df8fc38563b4efbc515154",
                "sha256:07a0eae9e2787b586e129fdcbe1af6997f8d0e5abaa0bc98c0e20e124d67e601",
                "sha256:0cacf8f7297b0c4fcb74227692ca46b4a5852f8f4f24b3c766dd94a1075c4884",
                "sha256:0e78314bdc32fa80696f72fa16dc61168fda4d6a0c014e0380f9d02f0e5d8a07",
                "sha256:0f2be7e0cf7754b9a30eb01f4295cc3d4358a479843b31f328afd210e2c7598c",
                "sha256:13faeacfe61784e2559e690fc53fa4c5ae97c6fcedb8eb6fb8d0a15b475d2c64",
                "sha256:14c2a87c65b351109f6abfc424cab3927b3bdece6f706e4d12faaf3d52ee5efe",
                "sha256:1606f4a55c0fd363d754049cdf400175ee96c992b1f8018b993941f221221c5f",
                "sha256:16a8770207946ac75703458e2c743631c79c59c5890c80011d536248f8eaa432",
                "sha256:18343b2d246dc6761a249ba1fb13f9ee9a2bcd95decc767319506056ea4ad4dc",
                "sha256:18b97b8404387b96cdbd30ad660f6407799126d26a39ca65729162fd810a99aa",
                "sha256:1bb60174149316da1c35fa5233681f7c0f9f514509b8e399ab70fea5f17e45c9",
                "sha256:1e8ac75d72fa3775e0b7cb7e4629cec13b7514d928d15ef8ea06bca03ef01cae",
                "sha256:1ef99f0456d3d46a50945c98de1774da86f8e992ab5c77865ea8b8195341fc19",
                "sha256:2001a39612b241dae17b4687898843f254f8748b796a2e16f1051a17078d991d",
                "sha256:23b6b24d74478dc833444cbd927c338349d6ae852ba53a0d02a2de1fce45b96e",
                "sha256:252098c8c7a873e17dd696ed98bbe91dbacd571da4b87df3736768efa7a792e4",
                "sha256:257f26fed7d7ff59921b78244f3cd93ed2af1800ff048c33f624c87475819dd7",
                "sha256:2c322db9c8c89009a990ef07c3bcc9f011a3269bc06782f916cd3d9eed7c9312",
                "sha256:30a96e1e1f865f78b030d65241c1ee850cdf422d869e9028e2fc1d5e4db73b92",
                "sha256:30d006f98569de3459c2fc1f2acde170b7b2bd265dc1943e87e1a4efe1b67c31",
                "sha256:31a9a6f775f9bcd865d88ee350f0ffb0e25936a7f930ca98995c05abf1faf21c",
                "sha256:320e8e66157cc4e247d9ddca8e21f427efc7a04bbd0ac8a9faf56583fa543f9f",
                "sha256:34a7f768e3f985abdb42841e20e17b330ad3aaf4bb7e7aeeb73db2e70f077b99",
                "sha256:3653fad4fe3ed447a596ae8638b437f827234f01a8cd801842e43f3d0a6b281b",
                "sha256:3cd35b7e8aedeb9e34c41385fda4f73ba609e561faedfae0a9e75e44ac558a15",
                "sha256:3cfb2aad70f2c6debfbcb717f23b7eb55febc0bb23dcffc0f076009da10c6392",
                "sha256:416175faf02e4b0810f1f38bcb54682878a4af94059a1cd63b8747244420801f",
                "sha256:41d1fc408ff5fdfb910200ec0e74abc40387bccb3252f3f27c0676731df2b2c8",
                "sha256:42e5088973e56e31e4fa58eb6bd709e42fc03799c11c42929592889a2e54c491",
                "sha256:4ca4c094de7771a98d7fbd67d9e5dbf1eb73efa4f744a730437d8a3a5cf994f0",
                "sha256:511729f456829ef86ac41ca78c63a5cb55240ed23b4b737faca0eb1abb1c41bc",
                "sha256:53cd68b185d98dde4ad8990e56a58dea83a4162161b1ea9272e5c9182ce415e0",
                "sha256:585f3b2a80fbd26b048a0be90c5aae8f06605d3c92615911c3a2b03a8a3b796f",
                "sha256:5b413b0b1bfd94dbf4023ad6945889f374cd24e3f62de58d6bb102c4d9ae534a",
                "sha256:5d8d01eac18c423815ed4f4a2ec3b439d654e55ee4ad610e153cf02faf67ea40",
                "sha256:6aab0f181c486f973bc7262a97f5aca3ee7e1437011ef0c2ec04b5a11d16c927",
                "sha256:6cf8fd4c04756b6b60146d98cd8a77d0cdae0e1ca20329da2ac85eed779b6849",
                "sha256:6fb70de56f1859a3f71261cbe41005f56a7842cc348d3aeb26237560bfa5e0ce",
                "sha256:6fce4b8500244f6fcb71465d4a4930d132ba9ab8e71a7859e6a5d59851068d14",
                "sha256:70bfc5f2c318afece2f5838ea5e4c3febada0be750fcf4775641052bbba14d05",
                "sha256:73dc19b562516fc9bcf6e5d6e596df0b4eb98d87e4f79f3ae71840e6ed21361c",
                "sha256:74d77e25adda8581ffc1c720f1c81ca082921329452eba58b16233ab1842141c",
                "sha256:78deba4d8f9590fe4dae384aeff04082510a709957e968753ff3c48399f6f92a",
                "sha256:86df271bf921c2ee3818f0522e9a5b8092ca2ad8b065ece5d7d9d0e9f4849bcc",
                "sha256:88ab34806dea0671532d3f82d82b85e8fc23d7b2dd12fa837978dad9bb392a34",
                "sha256:8999f965f922ae054125286faf9f11bc6932184b93011d138925a1773830bbe9",
                "sha256:8dcfc373f888e4fb39a7bc57e93e3b845e7f462dacc008d9749568b1c4ece096",
                "sha256:939578d9d8fd4299220161fdd76e86c6a251987476f5243e8864a7844476ba14",
                "sha256:96b2b3d1a83ad55310de8c7b4a2d04d9277d5591f40761274856635acc5fcb30",
                "sha256:a2d08ac246bb48479170408d6c19f6385fa743e7157d716e144cad849b2dd94b",
                "sha256:b256ee2e749283ef3ddcff51a675ff43798d92d746d1a6e4631bf8c707d22d0b",
                "sha256:b5e3b2d152e74e100a9e9573837aba24aab611d39428ded46f4e4022ea7d1942",
                "sha256:b89bc04de1d83006373429975f8ef9e7932534b8cc9ca582e4db7d20d91816db",
                "sha256:bd28b817ea8c70215401f657edef3a8aa83c29d447fb0b622c35403780ba11d5",
                "sha256:c60e092517a73c632ec38e290eba714e9627abe9d301c8c8a12ec32c314a2a4b",
                "sha256:c6dbd0ccdda3a2ba7c2ecd9d77b37f3b5831687d8dc1b6ca5f56a4880cc7b7ce",
                "sha256:c6e490913a46fa054e03699c70019ab869e990270597018cef1d8562132c2669",
                "sha256:c6f162aabe9a91a309510d74eeb6507fab5fff92337a15acbe77753d88d9dcf0",
                "sha256:c6fd51128a41297f5409deab284fecbe5305ebd7e5a1f959bee1c054622b7018",
                "sha256:cc34f233c9e71701040d772aa7490318673aa7164a0efe3172b2981218c26d93",
                "sha256:cc9370a2da1ac13f0153780040f465839e6cccb4a1e44810124b4e22483c93fe",
                "sha256:ccf600859c183d70eb47e05a44cd80a4ce77394d1ac0f79dbd2dd90a69a3a049",
                "sha256:ce571ab16d890d23b5c278547ba694193a45011ff86a9162a71307ed9f86759a",
                "sha256:cf1ebb7d78e1ad8ec2a8c4732c7be2e736f6e5123a4146c5b89c9d1f585f8cef",
                "sha256:d0e909868420b7049dafd3a31d45125b31143eec59235311fc4c57ea26a4acd2",
                "sha256:d22dbedd33326a4a5190dd4fe9e9e693ef12160c77382d9e87919bce54f3d4ca",
                "sha256:d716a916938e03231e86e43782ca7878fb602a125a91e7acb8b5112e2e96ac16",
                "sha256:d79c198e27580c8e958906f803e63cddb77653731be08851c7df0b1a14a8fc0f",
                "sha256:d95bfb53c211b57198bb91c46dd5a2d8018b3af446583aab40074bf7988401cb",
                "sha256:e28e334d3ff134e88989d90ba04b47d84382a828c061d0d1027b1b12a62b39b1",
                "sha256:ec557499516fc90fd374bf2e32349a2887a876fbf162c160e3c01b6849eaf557",
                "sha256:fb6fecfd65564f208cbf0fba07f107fb661bcd1a7c389edbced3f7a493f70e37",
                "sha256:fb731e5deb0c7ef82d698b0f4c5bb724633ee2a489401594c5c88b02e6cb15f7",
                "sha256:fb7f67a1bfa6e40b438170ebdc8158b78dc465a5a67b6dde178a46987b244a72",
                "sha256:fd10de089bcdcd1be95a2f73dbe6254798ec1bda9f450d5828c96f93e2536b9c",
                "sha256:fdabf8315679312cfa71302f9bd509ded4f2f263fb5b765cf1433b39106c3cc9"
            ],
            "markers": "python_version >= '3.7'",
            "version": "==3.4.3"
        },
        "cryptography": {
            "hashes": [
                "sha256:103e8f7155f3ce2ffa0049fe60169878d47a4364b277906386f8de21c9234aa1",
                "sha256:23df8ca3f24699167daf3e23e51f7ba7334d504af63a94af468f468b975b7dd7",
                "sha256:2725672bb53bb92dc7b4150d233cd4b8c59615cd8288d495eaa86db00d4e5c06",
                "sha256:30b1d1bfd00f6fc80d11300a29f1d8ab2b8d9febb6ed4a38a76880ec564fae84",
                "sha256:35d658536b0a4117c885728d1a7032bdc9a5974722ae298d6c533755a6ee3915",
                "sha256:50cadb9b2f961757e712a9737ef33d89b8190c3ea34d0fb6675e00edbe35d074",
                "sha256:5f8c682e736513db7d04349b4f6693690170f95aac449c56f97415c6980edef5",
                "sha256:6236a9610c912b129610eb1a274bdc1350b5df834d124fa84729ebeaf7da42c3",
                "sha256:788b3921d763ee35dfdb04248d0e3de11e3ca8eb22e2e48fef880c42e1f3c8f9",
                "sha256:8bc0008ef798231fac03fe7d26e82d601d15bd16f3afaad1c6113771566570f3",
                "sha256:8f35c17bd4faed2bc7797d2a66cbb4f986242ce2e30340ab832e5d99ae60e011",
                "sha256:b49a88ff802e1993b7f749b1eeb31134f03c8d5c956e3c125c75558955cda536",
                "sha256:bc0521cce2c1d541634b19f3ac661d7a64f9555135e9d8af3980965be717fd4a",
                "sha256:bc5b871e977c8ee5a1bbc42fa8d19bcc08baf0c51cbf1586b0e87a2694dde42f",
                "sha256:c43ac224aabcbf83a947eeb8b17eaf1547bce3767ee2d70093b461f31729a480",
                "sha256:d15809e0dbdad486f4ad0979753518f47980020b7a34e9fc56e8be4f60702fac",
                "sha256:d7d84a512a59f4412ca8549b01f94be4161c94efc598bf09d027d67826beddc0",
                "sha256:e029b844c21116564b8b61216befabca4b500e6816fa9f0ba49527653cae2108",
                "sha256:e8a0772016feeb106efd28d4a328e77dc2edae84dfbac06061319fdb669ff828",
                "sha256:e944fe07b6f229f4c1a06a7ef906a19652bdd9fd54c761b0ff87e83ae7a30354",
                "sha256:eb40fe69cfc6f5cdab9a5ebd022131ba21453cf7b8a7fd3631f45bbf52bed612",
                "sha256:fa507318e427169ade4e9eccef39e9011cdc19534f55ca2f36ec3f388c1f70f3",
                "sha256:ffd394c7896ed7821a6d13b24657c6a34b6e2650bd84ae063cf11ccffa4f1a97"
            ],
            "index": "pypi",
            "markers": "python_version >= '3.6'",
            "version": "==39.0.2"
        },
        "decorator": {
            "hashes": [
                "sha256:65f266143752f734b0a7cc83c46f4618af75b8c5911b00ccb61d0ac9b6da0360",
                "sha256:d316bb415a2d9e2d2b3abcc4084c6502fc09240e292cd76a76afc106a1c8e04a"
            ],
            "markers": "python_version >= '3.8'",
            "version": "==5.2.1"
        },
        "dnspython": {
            "hashes": [
                "sha256:57c6fbaaeaaf39c891292012060beb141791735dbb4004798328fc2c467402d8",
                "sha256:8dcfae8c7460a2f84b4072e26f1c9f4101ca20c071649cb7c34e8b6a93d58984"
            ],
            "index": "pypi",
            "markers": "python_version >= '3.8' and python_version < '4.0'",
            "version": "==2.4.2"
        },
        "filelock": {
            "hashes": [
                "sha256:66eda1888b0171c998b35be2bcc0f6d75c388a7ce20c3f3f37aa8e96c2dddf58",
                "sha256:d38e30481def20772f5baf097c122c3babc4fcdb7e14e57049eb9d88c6dc017d"
            ],
            "markers": "python_version >= '3.9'",
            "version": "==3.19.1"
        },
        "fire": {
            "hashes": [
                "sha256:a6b0d49e98c8963910021f92bba66f65ab440da2982b78eb1bbf95a0a34aacc6"
            ],
            "index": "pypi",
            "version": "==0.5.0"
        },
        "idna": {
            "hashes": [
                "sha256:12f65c9b470abda6dc35cf8e63cc574b1c52b11df2c86030af0ac09b01b13ea9",
                "sha256:946d195a0d259cbba61165e88e65941f16e9b36ea6ddb97f00452bae8b1287d3"
            ],
            "markers": "python_version >= '3.6'",
            "version": "==3.10"
        },
        "jinja2": {
            "hashes": [
                "sha256:31351a702a408a9e7595a8fc6150fc3f43bb6bf7e319770cbc0db9df9437e852",
                "sha256:6088930bfe239f0e6710546ab9c19c9ef35e29792895fed6e6e31a023a182a61"
            ],
            "index": "pypi",
            "markers": "python_version >= '3.7'",
            "version": "==3.1.2"
        },
        "jsonobject": {
            "hashes": [
                "sha256:5298a379503e43efc0ab4002d742c0fcbba1a9628eddacc4ea547b7138514466",
                "sha256:de0595f94e010d4c3118615bc14b63aa5cb0475a4f38734d873a9e0c0ba2b37a"
            ],
            "index": "pypi",
            "version": "==2.1.0"
        },
        "markdown2": {
            "hashes": [
                "sha256:58e1789543f47cdd4197760b04771671411f07699f958ad40a4b56c55ba3e668",
                "sha256:7a1742dade7ec29b90f5c1d5a820eb977eee597e314c428e6b0aa7929417cd1b"
            ],
            "index": "pypi",
            "markers": "python_version >= '3.5' and python_version < '4'",
            "version": "==2.4.9"
        },
        "markupsafe": {
            "hashes": [
                "sha256:0bff5e0ae4ef2e1ae4fdf2dfd5b76c75e5c2fa4132d05fc1b0dabcd20c7e28c4",
                "sha256:0f4ca02bea9a23221c0182836703cbf8930c5e9454bacce27e767509fa286a30",
                "sha256:1225beacc926f536dc82e45f8a4d68502949dc67eea90eab715dea3a21c1b5f0",
                "sha256:131a3c7689c85f5ad20f9f6fb1b866f402c445b220c19fe4308c0b147ccd2ad9",
                "sha256:15ab75ef81add55874e7ab7055e9c397312385bd9ced94920f2802310c930396",
                "sha256:1a9d3f5f0901fdec14d8d2f66ef7d035f2157240a433441719ac9a3fba440b13",
                "sha256:1c99d261bd2d5f6b59325c92c73df481e05e57f19837bdca8413b9eac4bd8028",
                "sha256:1e084f686b92e5b83186b07e8a17fc09e38fff551f3602b249881fec658d3eca",
                "sha256:2181e67807fc2fa785d0592dc2d6206c019b9502410671cc905d132a92866557",
                "sha256:2cb8438c3cbb25e220c2ab33bb226559e7afb3baec11c4f218ffa7308603c832",
                "sha256:3169b1eefae027567d1ce6ee7cae382c57fe26e82775f460f0b2778beaad66c0",
                "sha256:3809ede931876f5b2ec92eef964286840ed3540dadf803dd570c3b7e13141a3b",
                "sha256:38a9ef736c01fccdd6600705b09dc574584b89bea478200c5fbf112a6b0d5579",
                "sha256:3d79d162e7be8f996986c064d1c7c817f6df3a77fe3d6859f6f9e7be4b8c213a",
                "sha256:444dcda765c8a838eaae23112db52f1efaf750daddb2d9ca300bcae1039adc5c",
                "sha256:48032821bbdf20f5799ff537c7ac3d1fba0ba032cfc06194faffa8cda8b560ff",
                "sha256:4aa4e5faecf353ed117801a068ebab7b7e09ffb6e1d5e412dc852e0da018126c",
                "sha256:52305740fe773d09cffb16f8ed0427942901f00adedac82ec8b67752f58a1b22",
                "sha256:569511d3b58c8791ab4c2e1285575265991e6d8f8700c7be0e88f86cb0672094",
                "sha256:57cb5a3cf367aeb1d316576250f65edec5bb3be939e9247ae594b4bcbc317dfb",
                "sha256:5b02fb34468b6aaa40dfc198d813a641e3a63b98c2b05a16b9f80b7ec314185e",
                "sha256:6381026f158fdb7c72a168278597a5e3a5222e83ea18f543112b2662a9b699c5",
                "sha256:6af100e168aa82a50e186c82875a5893c5597a0c1ccdb0d8b40240b1f28b969a",
                "sha256:6c89876f41da747c8d3677a2b540fb32ef5715f97b66eeb0c6b66f5e3ef6f59d",
                "sha256:6e296a513ca3d94054c2c881cc913116e90fd030ad1c656b3869762b754f5f8a",
                "sha256:70a87b411535ccad5ef2f1df5136506a10775d267e197e4cf531ced10537bd6b",
                "sha256:7e94c425039cde14257288fd61dcfb01963e658efbc0ff54f5306b06054700f8",
                "sha256:846ade7b71e3536c4e56b386c2a47adf5741d2d8b94ec9dc3e92e5e1ee1e2225",
                "sha256:88416bd1e65dcea10bc7569faacb2c20ce071dd1f87539ca2ab364bf6231393c",
                "sha256:88b49a3b9ff31e19998750c38e030fc7bb937398b1f78cfa599aaef92d693144",
                "sha256:8c4e8c3ce11e1f92f6536ff07154f9d49677ebaaafc32db9db4620bc11ed480f",
                "sha256:8e06879fc22a25ca47312fbe7c8264eb0b662f6db27cb2d3bbbc74b1df4b9b87",
                "sha256:9025b4018f3a1314059769c7bf15441064b2207cb3f065e6ea1e7359cb46db9d",
                "sha256:93335ca3812df2f366e80509ae119189886b0f3c2b81325d39efdb84a1e2ae93",
                "sha256:9778bd8ab0a994ebf6f84c2b949e65736d5575320a17ae8984a77fab08db94cf",
                "sha256:9e2d922824181480953426608b81967de705c3cef4d1af983af849d7bd619158",
                "sha256:a123e330ef0853c6e822384873bef7507557d8e4a082961e1defa947aa59ba84",
                "sha256:a904af0a6162c73e3edcb969eeeb53a63ceeb5d8cf642fade7d39e7963a22ddb",
                "sha256:ad10d3ded218f1039f11a75f8091880239651b52e9bb592ca27de44eed242a48",
                "sha256:b424c77b206d63d500bcb69fa55ed8d0e6a3774056bdc4839fc9298a7edca171",
                "sha256:b5a6b3ada725cea8a5e634536b1b01c30bcdcd7f9c6fff4151548d5bf6b3a36c",
                "sha256:ba8062ed2cf21c07a9e295d5b8a2a5ce678b913b45fdf68c32d95d6c1291e0b6",
                "sha256:ba9527cdd4c926ed0760bc301f6728ef34d841f405abf9d4f959c478421e4efd",
                "sha256:bbcb445fa71794da8f178f0f6d66789a28d7319071af7a496d4d507ed566270d",
                "sha256:bcf3e58998965654fdaff38e58584d8937aa3096ab5354d493c77d1fdd66d7a1",
                "sha256:c0ef13eaeee5b615fb07c9a7dadb38eac06a0608b41570d8ade51c56539e509d",
                "sha256:cabc348d87e913db6ab4aa100f01b08f481097838bdddf7c7a84b7575b7309ca",
                "sha256:cdb82a876c47801bb54a690c5ae105a46b392ac6099881cdfb9f6e95e4014c6a",
                "sha256:cfad01eed2c2e0c01fd0ecd2ef42c492f7f93902e39a42fc9ee1692961443a29",
                "sha256:d16a81a06776313e817c951135cf7340a3e91e8c1ff2fac444cfd75fffa04afe",
                "sha256:d8213e09c917a951de9d09ecee036d5c7d36cb6cb7dbaece4c71a60d79fb9798",
                "sha256:e07c3764494e3776c602c1e78e298937c3315ccc9043ead7e685b7f2b8d47b3c",
                "sha256:e17c96c14e19278594aa4841ec148115f9c7615a47382ecb6b82bd8fea3ab0c8",
                "sha256:e444a31f8db13eb18ada366ab3cf45fd4b31e4db1236a4448f68778c1d1a5a2f",
                "sha256:e6a2a455bd412959b57a172ce6328d2dd1f01cb2135efda2e4576e8a23fa3b0f",
                "sha256:eaa0a10b7f72326f1372a713e73c3f739b524b3af41feb43e4921cb529f5929a",
                "sha256:eb7972a85c54febfb25b5c4b4f3af4dcc731994c7da0d8a0b4a6eb0640e1d178",
                "sha256:ee55d3edf80167e48ea11a923c7386f4669df67d7994554387f84e7d8b0a2bf0",
                "sha256:f3818cb119498c0678015754eba762e0d61e5b52d34c8b13d770f0719f7b1d79",
                "sha256:f8b3d067f2e40fe93e1ccdd6b2e1d16c43140e76f02fb1319a05cf2b79d99430",
                "sha256:fcabf5ff6eea076f859677f5f0b6b5c1a51e70a376b0579e0eadef8db48c6b50"
            ],
            "markers": "python_version >= '3.9'",
            "version": "==3.0.2"
        },
        "nassl": {
            "hashes": [
                "sha256:01b4edfca38357115abbefde0c89e6ab43346f726c57f0d6c7868619af8ba8e4",
                "sha256:08680e7378e26d0c3136aa5e90deb50eb0bf2728f30439a7555d65d61d20d7b0",
                "sha256:13c77ffc94ab393c498afc591f777f6e9433222f5dcb97f6feb34e9b596115a0",
                "sha256:141a9f003f6e4514be5b3855828dd309fce3a7769580ac20d676d02acfccaeb3",
                "sha256:151b8c8b39e7da01a27b550bb80eb6f2cbd9a634ff7de83dfdb6156d8621f000",
                "sha256:1b3e8dba7c0985bad243a4cb747c513150ce56946651a20266d1a2c43b016935",
                "sha256:1e4c0527ff1dde9210a79f0fea36301bf0588f8e4db9f8bbb0c21f98dc6847b6",
                "sha256:22d8b9523d7fe8eb46dec5b2a5407b4084fb42b46665a35ea7b6839040a09a74",
                "sha256:3729626d14c156ede9bed3e1354bd630e910bd1c857067a055d96eb22094a84c",
                "sha256:53403facd22a8da0465e981367452b9270b8d4962d58a4529bec2e6d6703d13e",
                "sha256:56641c1099730d6f8cee544608647f2872f6917cc27ebca99c7f3bc36c85d58d",
                "sha256:7142760c253ff9ad67bb32fd9509648140bdd56602dc8235bfaada245dc3b658",
                "sha256:777a47b087cd70d7050a052bd773719bc3538440f6074d1537594346a43b547c",
                "sha256:7ddfc4eab3f2ee9928e8aaa8ef0f0ddddcae07cc9078e7ce0a9740b3a00ced5f",
                "sha256:81f672c80360f6e13c09205e915fa8ba924e84ea93d091c0a037a08a4ab1d494",
                "sha256:87345d7ccd710f11205910dfb996de98068f9c398225085f9aa0969ece8e9c6e",
                "sha256:8afcfe5cd7e7b2f9ee4d25a124189e9cc73533527ffafa7aabec0d480e86c380",
                "sha256:9894585a2cec5fb0fa1ef5222e58312f1ef09cff687c7de55c98a98840750ae7",
                "sha256:9d6dc4731415881bc4e35828c64ba8ad8d528e89f00c41c0955d09dea7025097",
                "sha256:a0c8ab7711827c5a825c95a9e1c49f9913696b7fa15b3da356b7121f828d3975",
                "sha256:a49b449feffc624148d0eeec67e435f9ebec6594d158dd215e819ba6944ef023",
                "sha256:b5fe22c5b1ad2e66ecccc803b16079eca55252e8bd04d879104da82648b1fa9b",
                "sha256:bd97464b0d6112bad904c0d1d841259cbbc9f24772a0d770e8a37b98597b80d3",
                "sha256:c87a4db031af0d248d1a28cfd5999fc3b8045a7e7baff6a0281ffdac744413f3",
                "sha256:c8ef87548cda23361a626a18b959c9fbd33120dc65a41b765983a6b323094586",
                "sha256:cd481b81a4779305553f569ab922f499e4d076f6eac9ae3d18556256236f995c",
                "sha256:cf6495a462c57d7a7cb8a226c59beffc3b589bfa05cbaf4203519da5b4117789",
                "sha256:dd69ea598ded37dbb66b886dd661ff22a3886eb602da380197f3d55fce9f65c7",
                "sha256:eaf9c3be02d18c46e6d1f35e1be5d638577d1a3d505a58403c917fb40a9b2eaf",
                "sha256:eb1c90f22911062f7331285e4271cd09f65415725a0ffa5b2a905f12527c5894",
                "sha256:eb3ed3b75313621d40ca0e37d57a43339a9242bbdde860494b2be0f90cc00503",
                "sha256:f22faa5f4cc6a2f29d48e0abb4231260164a4b49ef25039d0d43eb4f6d7d1cc3",
                "sha256:f582764bed42189ed937e58f246688209725f33d1d798fd472e7ea217a78434e",
                "sha256:f6faa4c68943bea0d603b2ab386c1d490d109fc069478ba73a0ef0d1233aeead",
                "sha256:f99eeef6015ceee4317c51990623ad68a63fea7306ccd78d6e7d95f8606a4be4"
            ],
            "markers": "python_version >= '3.9'",
            "version": "==5.3.1"
        },
        "pycparser": {
            "hashes": [
                "sha256:78816d4f24add8f10a06d6f05b4d424ad9e96cfebf68a4ddc99c65c0720d00c2",
                "sha256:e5c6e8d3fbad53479cab09ac03729e0a9faf2bee3db8208a550daf5af81a5934"
            ],
            "markers": "python_version >= '3.8'",
            "version": "==2.23"
        },
        "pydantic": {
            "hashes": [
                "sha256:041308bdb4804f0b387b02f870ebdf4e86020de344a969020de853f5ea8d5508",
                "sha256:08b576239a4acbbfd35365b603cbee5fee6d3c56323abba54f0142e7ad6ff406",
                "sha256:0bed91a634855400f5c3b180999d0437a3b418b0170222fc8f6294aa2a08848a",
                "sha256:0db70ae0e58eed1ffd01fbfdd23f6c6e5ae5e1bf2cd50dfeb0a2853656766e68",
                "sha256:0f20e4dfe6413ee79fc1b4ac9c9f4112ff9d4cf44a19577592422d09774ee085",
                "sha256:0f309b3dd80ed4d3487b1219c69dfd9036e51a863aeaa41a3b67497b81c4cb8f",
                "sha256:101ae7dcd77c23003d4766bcf23e08cd3d012173379ad549bdb2c898855b2a57",
                "sha256:10e9d8259fab4599498c3246703b84a5e9500240544bf49c54fc57996c6d093a",
                "sha256:136b6428b644691d0ee2a3a7de395d0d1b01ce6388b747bd371bb9ca65b4cc32",
                "sha256:144f739a617f2c12fa8d135d2efe26b9cf16033a44f2fe5400d7d0e9d9c90dca",
                "sha256:18056741c9febebeb043798414099ada8d8e74cc47ec2059d7fbdc7d091d0e7b",
                "sha256:1b81db6c9108c3f6509c897fcdf842e5993d7233e9140a7f1c4dc1c2f85b0a8d",
                "sha256:1ce178e49a471ebf867451872a3403b89da6194bc2c9761e78ce22f619794d0d",
                "sha256:33fdacc8ffadaa0efecb1f8fec8d1ba8653c644f1c6a946c64f3e5e9563ac040",
                "sha256:3449e59f27a42ba2c35c2e92aea345794696e5dddba3b5d88d123155eac4ee83",
                "sha256:38549feff6fac3c7a9e73fef6f8a2599300b10d71813ff329854449deb458aa6",
                "sha256:45fcc5ed6adde6703f9f22f898362a087d1d140a337ecc4caca2477f4d735390",
                "sha256:46b3cd6fb8edf973380ddf1ac7387cca5f0624c07579bf9d15121dd77986b57c",
                "sha256:4dff5e26a14424f4e6cf44cbd45861b458f31e37d316e92a78bf99ec6d1ef2ee",
                "sha256:4ed07c43d5c3f6f391eceeef7ead84c8c54083e0a1b5fa009302191c07775a73",
                "sha256:50b4726ab72a027fb69da865e849ae16107bdbea01ff1670daf4560e078a1606",
                "sha256:6294bb84565c294a3a6408c52b26a42803f258d5ebfdb3ae896cd7cccfa07211",
                "sha256:633235236c9af4a16e7cf47be3ffab15445552613a122b44a8946868c2ace426",
                "sha256:6c9c436e12d81b7c3d3208f66a5d35b401c8ec25fafc9bff446c77f1072ed5f5",
                "sha256:723cb7f6aca0b471bac9d7dceb42d151d26aabdca655bd4190be3a7de008a054",
                "sha256:7411a18deef02a6b7825edb3930b9ab0251f7b131ebb1cb1ffe0aadf74d60c6d",
                "sha256:757c8a2f459311bf277f6ddb4891222f69ba93fb301eee095c985fc7239d5afd",
                "sha256:7e13f39ce65232a2826d1c32a9e2c6f9ca5451d6e51c6e5ea9fdebc285fc2980",
                "sha256:7ee7fa1a9bfa45aad5652001efa552a79a40f9ea7a1b11185685dd047895d3a8",
                "sha256:81ee80fe4bd69236aeb65c8beeb5150655b8a49b946fce6664a720d6cf5ec717",
                "sha256:890213289bf40481a715b1d8b3e8a602af9e481d9f0e0b2b00dc375a12b0cfbb",
                "sha256:89e9a801a538d056fd91edf0d01dec02abde1b325e3c019c5c06d75fcca86929",
                "sha256:8a52b2eedc25215c9cc1d96340d8364f8c8b6787a7cf2cc202d058e73e06cbef",
                "sha256:8e84ece91eb806586ffa4f92c149308cb07b0fa14a7e1204e18cde01aac283f7",
                "sha256:9b05416d8dcf36fd291348bba8f565d015fce4c594577d2ef5bc0c5ec8f54a29",
                "sha256:9e9544d07d96df6c6405b64462fb3122e5d0af46a1c4ddf94c180b17ac29f047",
                "sha256:a6aa6881a18657fe66b9249e0572a9690ebc6f0b37c32872beb06bc51bff738f",
                "sha256:aa8d57384c6305febd9724b4f8de6860b5ba5821b7948dbbd0ddf733d50d7677",
                "sha256:b2e9d81546af42331248bbffde26a441631c8823515ebf328ee2ec04d771cd73",
                "sha256:b47c210416606b7c8e236c7546647500856eaba0d01564d5cddacb30d1b5daec",
                "sha256:bc5547c3be3b8494a444adf3703c037bdf2170e30af802f5d7bb14a232698106",
                "sha256:c57bfade74111335062c8ac830d5a14004742ff5b037c52c410d9e9011258bf5",
                "sha256:cdb4c8fdf8344b912285ca85c99d44433bd3d877f44b9ffcfc79cefedbc08869",
                "sha256:d037210949ac9e837360239d91a834cab3cf02e84cf295ea66c6ff73137f3723",
                "sha256:d5f2ab29db92a2b11c7cd49466f68858583bf227165c42a3fae2b50042a1ab51",
                "sha256:d6c46c8055833bce5786c5e66cb30208db0bd5534f007890c3b76556d2f24d11",
                "sha256:e812b0f2a708595227aed10c636a54df4d02a1b3a5c90555df108a5e1244b2e9",
                "sha256:ed01648e2a469e2c35984bab9ff5080648c53af3b8b98312e1d7823eacd33d77",
                "sha256:edba6ac9bd6040daf3e876c284257624171884011e0729d90b90f5fe11f7217d",
                "sha256:f71590dcd1ff354107cecc1c26b85406dd11e6f87d9b8416c5defd3cf4d54a51"
            ],
            "markers": "python_version >= '3.7'",
            "version": "==1.10.23"
        },
        "pyjwt": {
            "hashes": [
                "sha256:ba2b425b15ad5ef12f200dc67dd56af4e26de2331f965c5439994dad075876e1",
                "sha256:bd6ca4a3c4285c1a2d4349e5a035fdf8fb94e04ccd0fcbe6ba289dae9cc3e074"
            ],
            "index": "pypi",
            "markers": "python_version >= '3.7'",
            "version": "==2.7.0"
        },
        "pyopenssl": {
            "hashes": [
                "sha256:24f0dc5227396b3e831f4c7f602b950a5e9833d292c8e4a2e06b709292806ae2",
                "sha256:276f931f55a452e7dea69c7173e984eb2a4407ce413c918aa34b55f82f9b8bac"
            ],
            "markers": "python_version >= '3.6'",
            "version": "==23.2.0"
        },
        "python-json-logger": {
            "hashes": [
                "sha256:23e7ec02d34237c5aa1e29a070193a4ea87583bb4e7f8fd06d3de8264c4b2e1c",
                "sha256:f380b826a991ebbe3de4d897aeec42760035ac760345e57b812938dc8b35e2bd"
            ],
            "index": "pypi",
            "markers": "python_version >= '3.6'",
            "version": "==2.0.7"
        },
        "requests": {
            "hashes": [
                "sha256:58cd2187c01e70e6e26505bca751777aa9f2ee0b7f4300988b709f44e013003f",
                "sha256:942c5a758f98d790eaed1a29cb6eefc7ffb0d1cf7af05c3d2791656dbd6ad1e1"
            ],
            "index": "pypi",
            "markers": "python_version >= '3.7'",
            "version": "==2.31.0"
        },
        "requests-file": {
            "hashes": [
                "sha256:0f549a3f3b0699415ac04d167e9cb39bccfb730cb832b4d20be3d9867356e658",
                "sha256:cf270de5a4c5874e84599fc5778303d496c10ae5e870bfa378818f35d21bda5c"
            ],
            "version": "==2.1.0"
        },
        "six": {
            "hashes": [
                "sha256:4721f391ed90541fddacab5acf947aa0d3dc7d27b2e1e8eda2be8970586c3274",
                "sha256:ff70335d468e7eb6ec65b95b99d3a2836546063f63acc5171de367e834932a81"
            ],
            "markers": "python_version >= '2.7' and python_version not in '3.0, 3.1, 3.2'",
            "version": "==1.17.0"
        },
        "sslyze": {
            "hashes": [
                "sha256:247eeed21e57cb5bfe8bd5565f83a35988cfad5c8294120fa7b729bd5e5cf949"
            ],
            "index": "pypi",
            "markers": "python_version >= '3.7'",
            "version": "==5.1.3"
        },
        "termcolor": {
            "hashes": [
                "sha256:591dd26b5c2ce03b9e43f391264626557873ce1d379019786f99b0c2bee140aa",
                "sha256:6a6dd7fbee581909eeec6a756cff1d7f7c376063b14e4a298dc4980309e55970"
            ],
            "markers": "python_version >= '3.9'",
            "version": "==3.1.0"
        },
        "tldextract": {
            "hashes": [
                "sha256:2cb271ca8d06ea1630a1361b58edad14e0cf81f34ce3c90b052854528fe2a281",
                "sha256:4df1c65b95be61d59428e8611e955e54e6f1d4483d3e8d5733d3a9062155e910"
            ],
            "index": "pypi",
            "markers": "python_version >= '3.7'",
            "version": "==3.5.0"
        },
        "tls-parser": {
            "hashes": [
                "sha256:67621c6afa721c7afdb9c50d3c38119f22c9c1b93823af27e05a78e3a6fd0e5e",
                "sha256:fc9c1c4bcb646317bf0f1a9396bad1423346a445fd34a86ccc6c3a7e434ebde3"
            ],
            "markers": "python_version >= '3.8'",
            "version": "==2.0.2"
        },
        "typing-extensions": {
            "hashes": [
                "sha256:0cea48d173cc12fa28ecabc3b837ea3cf6f38c6d1136f85cbaaf598984861466",
                "sha256:f0fa19c6845758ab08074a0cfa8b7aecb71c999ca73d62883bc25cc018c4e548"
            ],
            "markers": "python_version >= '3.9'",
            "version": "==4.15.0"
        },
        "urllib3": {
            "hashes": [
                "sha256:3fc47733c7e419d4bc3f6b3dc2b4f890bb743906a30d56ba4a5bfa4bbff92760",
                "sha256:e6b01673c0fa6a13e374b50871808eb3bf7046c4b125b216f6bf1cc604cff0dc"
            ],
            "markers": "python_version >= '3.9'",
            "version": "==2.5.0"
        },
        "validators": {
            "hashes": [
                "sha256:24148ce4e64100a2d5e267233e23e7afeb55316b47d30faae7eb6e7292bc226a"
            ],
            "index": "pypi",
            "markers": "python_version >= '3.4'",
            "version": "==0.20.0"
        }
    },
    "develop": {
        "coverage": {
            "extras": [
                "toml"
            ],
            "hashes": [
                "sha256:06a9a2be0b5b576c3f18f1a241f0473575c4a26021b52b2a85263a00f034d51f",
                "sha256:06fb182e69f33f6cd1d39a6c597294cff3143554b64b9825d1dc69d18cc2fff2",
                "sha256:0a5f9e1dbd7fbe30196578ca36f3fba75376fb99888c395c5880b355e2875f8a",
                "sha256:0e1f928eaf5469c11e886fe0885ad2bf1ec606434e79842a879277895a50942a",
                "sha256:171717c7cb6b453aebac9a2ef603699da237f341b38eebfee9be75d27dc38e01",
                "sha256:1e9d683426464e4a252bf70c3498756055016f99ddaec3774bf368e76bbe02b6",
                "sha256:201e7389591af40950a6480bd9edfa8ed04346ff80002cec1a66cac4549c1ad7",
                "sha256:245167dd26180ab4c91d5e1496a30be4cd721a5cf2abf52974f965f10f11419f",
                "sha256:2aee274c46590717f38ae5e4650988d1af340fe06167546cc32fe2f58ed05b02",
                "sha256:2e07b54284e381531c87f785f613b833569c14ecacdcb85d56b25c4622c16c3c",
                "sha256:31563e97dae5598556600466ad9beea39fb04e0229e61c12eaa206e0aa202063",
                "sha256:33d6d3ea29d5b3a1a632b3c4e4f4ecae24ef170b0b9ee493883f2df10039959a",
                "sha256:3d376df58cc111dc8e21e3b6e24606b5bb5dee6024f46a5abca99124b2229ef5",
                "sha256:419bfd2caae268623dd469eff96d510a920c90928b60f2073d79f8fe2bbc5959",
                "sha256:48c19d2159d433ccc99e729ceae7d5293fbffa0bdb94952d3579983d1c8c9d97",
                "sha256:49969a9f7ffa086d973d91cec8d2e31080436ef0fb4a359cae927e742abfaaa6",
                "sha256:52edc1a60c0d34afa421c9c37078817b2e67a392cab17d97283b64c5833f427f",
                "sha256:537891ae8ce59ef63d0123f7ac9e2ae0fc8b72c7ccbe5296fec45fd68967b6c9",
                "sha256:54b896376ab563bd38453cecb813c295cf347cf5906e8b41d340b0321a5433e5",
                "sha256:58c2ccc2f00ecb51253cbe5d8d7122a34590fac9646a960d1430d5b15321d95f",
                "sha256:5b7540161790b2f28143191f5f8ec02fb132660ff175b7747b95dcb77ac26562",
                "sha256:5baa06420f837184130752b7c5ea0808762083bf3487b5038d68b012e5937dbe",
                "sha256:5e330fc79bd7207e46c7d7fd2bb4af2963f5f635703925543a70b99574b0fea9",
                "sha256:61b9a528fb348373c433e8966535074b802c7a5d7f23c4f421e6c6e2f1697a6f",
                "sha256:63426706118b7f5cf6bb6c895dc215d8a418d5952544042c8a2d9fe87fcf09cb",
                "sha256:6d040ef7c9859bb11dfeb056ff5b3872436e3b5e401817d87a31e1750b9ae2fb",
                "sha256:6f48351d66575f535669306aa7d6d6f71bc43372473b54a832222803eb956fd1",
                "sha256:7ee7d9d4822c8acc74a5e26c50604dff824710bc8de424904c0982e25c39c6cb",
                "sha256:81c13a1fc7468c40f13420732805a4c38a105d89848b7c10af65a90beff25250",
                "sha256:8d13c64ee2d33eccf7437961b6ea7ad8673e2be040b4f7fd4fd4d4d28d9ccb1e",
                "sha256:8de8bb0e5ad103888d65abef8bca41ab93721647590a3f740100cd65c3b00511",
                "sha256:8fa03bce9bfbeeef9f3b160a8bed39a221d82308b4152b27d82d8daa7041fee5",
                "sha256:924d94291ca674905fe9481f12294eb11f2d3d3fd1adb20314ba89e94f44ed59",
                "sha256:975d70ab7e3c80a3fe86001d8751f6778905ec723f5b110aed1e450da9d4b7f2",
                "sha256:976b9c42fb2a43ebf304fa7d4a310e5f16cc99992f33eced91ef6f908bd8f33d",
                "sha256:9e31cb64d7de6b6f09702bb27c02d1904b3aebfca610c12772452c4e6c21a0d3",
                "sha256:a342242fe22407f3c17f4b499276a02b01e80f861f1682ad1d95b04018e0c0d4",
                "sha256:a3d33a6b3eae87ceaefa91ffdc130b5e8536182cd6dfdbfc1aa56b46ff8c86de",
                "sha256:a895fcc7b15c3fc72beb43cdcbdf0ddb7d2ebc959edac9cef390b0d14f39f8a9",
                "sha256:afb17f84d56068a7c29f5fa37bfd38d5aba69e3304af08ee94da8ed5b0865833",
                "sha256:b1c546aca0ca4d028901d825015dc8e4d56aac4b541877690eb76490f1dc8ed0",
                "sha256:b29019c76039dc3c0fd815c41392a044ce555d9bcdd38b0fb60fb4cd8e475ba9",
                "sha256:b46517c02ccd08092f4fa99f24c3b83d8f92f739b4657b0f146246a0ca6a831d",
                "sha256:b7aa5f8a41217360e600da646004f878250a0d6738bcdc11a0a39928d7dc2050",
                "sha256:b7b4c971f05e6ae490fef852c218b0e79d4e52f79ef0c8475566584a8fb3e01d",
                "sha256:ba90a9563ba44a72fda2e85302c3abc71c5589cea608ca16c22b9804262aaeb6",
                "sha256:cb017fd1b2603ef59e374ba2063f593abe0fc45f2ad9abdde5b4d83bd922a353",
                "sha256:d22656368f0e6189e24722214ed8d66b8022db19d182927b9a248a2a8a2f67eb",
                "sha256:d2c2db7fd82e9b72937969bceac4d6ca89660db0a0967614ce2481e81a0b771e",
                "sha256:d39b5b4f2a66ccae8b7263ac3c8170994b65266797fb96cbbfd3fb5b23921db8",
                "sha256:d62a5c7dad11015c66fbb9d881bc4caa5b12f16292f857842d9d1871595f4495",
                "sha256:e7d9405291c6928619403db1d10bd07888888ec1abcbd9748fdaa971d7d661b2",
                "sha256:e84606b74eb7de6ff581a7915e2dab7a28a0517fbe1c9239eb227e1354064dcd",
                "sha256:eb393e5ebc85245347950143969b241d08b52b88a3dc39479822e073a1a8eb27",
                "sha256:ebba1cd308ef115925421d3e6a586e655ca5a77b5bf41e02eb0e4562a111f2d1",
                "sha256:ee57190f24fba796e36bb6d3aa8a8783c643d8fa9760c89f7a98ab5455fbf818",
                "sha256:f2f67fe12b22cd130d34d0ef79206061bfb5eda52feb6ce0dba0644e20a03cf4",
                "sha256:f6951407391b639504e3b3be51b7ba5f3528adbf1a8ac3302b687ecababf929e",
                "sha256:f75f7168ab25dd93110c8a8117a22450c19976afbc44234cbf71481094c1b850",
                "sha256:fdec9e8cbf13a5bf63290fc6013d216a4c7232efb51548594ca3631a7f13c3a3"
            ],
            "markers": "python_version >= '3.7'",
            "version": "==7.2.7"
        },
        "exceptiongroup": {
            "hashes": [
                "sha256:12c3e887d6485d16943a309616de20ae5582633e0a2eda17f4e10fd61c1e8af5",
                "sha256:e346e69d186172ca7cf029c8c1d16235aa0e04035e5750b4b95039e65204328f"
            ],
            "markers": "python_version < '3.11'",
            "version": "==1.1.2"
        },
        "flake8": {
            "hashes": [
                "sha256:3833794e27ff64ea4e9cf5d410082a8b97ff1a06c16aa3d2027339cd0f1195c7",
                "sha256:c61007e76655af75e6785a931f452915b371dc48f56efd765247c8fe68f2b181"
            ],
            "index": "pypi",
            "version": "==6.0.0"
        },
        "iniconfig": {
            "hashes": [
                "sha256:2d91e135bf72d31a410b17c16da610a82cb55f6b0477d1a902134b24a455b8b3",
                "sha256:b6a85871a79d2e3b22d2d1b94ac2824226a63c6b741c88f7ae975f18b6778374"
            ],
            "markers": "python_version >= '3.7'",
            "version": "==2.0.0"
        },
        "mccabe": {
            "hashes": [
                "sha256:348e0240c33b60bbdf4e523192ef919f28cb2c3d7d5c7794f74009290f236325",
                "sha256:6c2d30ab6be0e4a46919781807b4f0d834ebdd6c6e3dca0bda5a15f863427b6e"
            ],
            "markers": "python_version >= '3.6'",
            "version": "==0.7.0"
        },
        "packaging": {
            "hashes": [
                "sha256:994793af429502c4ea2ebf6bf664629d07c1a9fe974af92966e4b8d2df7edc61",
                "sha256:a392980d2b6cffa644431898be54b0045151319d1e7ec34f0cfed48767dd334f"
            ],
            "markers": "python_version >= '3.7'",
            "version": "==23.1"
        },
        "pluggy": {
            "hashes": [
                "sha256:c2fd55a7d7a3863cba1a013e4e2414658b1d07b6bc57b3919e0c63c9abb99849",
                "sha256:d12f0c4b579b15f5e054301bb226ee85eeeba08ffec228092f8defbaa3a4c4b3"
            ],
            "markers": "python_version >= '3.7'",
            "version": "==1.2.0"
        },
        "pycodestyle": {
            "hashes": [
                "sha256:347187bdb476329d98f695c213d7295a846d1152ff4fe9bacb8a9590b8ee7053",
                "sha256:8a4eaf0d0495c7395bdab3589ac2db602797d76207242c17d470186815706610"
            ],
            "markers": "python_version >= '3.6'",
            "version": "==2.10.0"
        },
        "pyflakes": {
            "hashes": [
                "sha256:ec55bf7fe21fff7f1ad2f7da62363d749e2a470500eab1b555334b67aa1ef8cf",
                "sha256:ec8b276a6b60bd80defed25add7e439881c19e64850afd9b346283d4165fd0fd"
            ],
            "markers": "python_version >= '3.6'",
            "version": "==3.0.1"
        },
        "pytest": {
            "hashes": [
                "sha256:78bf16451a2eb8c7a2ea98e32dc119fd2aa758f1d5d66dbf0a59d69a3969df32",
                "sha256:b4bf8c45bd59934ed84001ad51e11b4ee40d40a1229d2c79f9c592b0a3f6bd8a"
            ],
            "index": "pypi",
            "version": "==7.4.0"
        },
        "pytest-cov": {
            "hashes": [
                "sha256:3904b13dfbfec47f003b8e77fd5b589cd11904a21ddf1ab38a64f204d6a10ef6",
                "sha256:6ba70b9e97e69fcc3fb45bfeab2d0a138fb65c4d0d6a41ef33983ad114be8c3a"
            ],
            "index": "pypi",
            "version": "==4.1.0"
        },
        "tomli": {
            "hashes": [
                "sha256:939de3e7a6161af0c887ef91b7d41a53e7c5a1ca976325f429cb46ea9bc30ecc",
                "sha256:de526c12914f0c550d15924c62d72abc48d6fe7364aa87328337a31007fe8a4f"
            ],
            "markers": "python_version < '3.11'",
            "version": "==2.0.1"
        }
    }
}
